// !$*UTF8*$!
{
	archiveVersion = 1;
	classes = {
	};
	objectVersion = 48;
	objects = {

/* Begin PBXBuildFile section */
		61ACCFCF216DE0180069931A /* AppDelegate.swift in Sources */ = {isa = PBXBuildFile; fileRef = 61ACCFCE216DE0180069931A /* AppDelegate.swift */; };
		61ACCFD1216DE0180069931A /* ViewController.swift in Sources */ = {isa = PBXBuildFile; fileRef = 61ACCFD0216DE0180069931A /* ViewController.swift */; };
		61ACCFD4216DE0180069931A /* Main.storyboard in Resources */ = {isa = PBXBuildFile; fileRef = 61ACCFD2216DE0180069931A /* Main.storyboard */; };
		61ACCFD6216DE0180069931A /* Assets.xcassets in Resources */ = {isa = PBXBuildFile; fileRef = 61ACCFD5216DE0180069931A /* Assets.xcassets */; };
		61ACCFD9216DE0180069931A /* LaunchScreen.storyboard in Resources */ = {isa = PBXBuildFile; fileRef = 61ACCFD7216DE0180069931A /* LaunchScreen.storyboard */; };
		61ACCFE7216DE7B90069931A /* Figure.swift in Sources */ = {isa = PBXBuildFile; fileRef = 61ACCFE6216DE7B90069931A /* Figure.swift */; };
		61ACCFE9216DEFBA0069931A /* DynamicsProtocol.swift in Sources */ = {isa = PBXBuildFile; fileRef = 61ACCFE8216DEFBA0069931A /* DynamicsProtocol.swift */; };
/* End PBXBuildFile section */

/* Begin PBXFileReference section */
		61ACCFCB216DE0180069931A /* d06.app */ = {isa = PBXFileReference; explicitFileType = wrapper.application; includeInIndex = 0; path = d06.app; sourceTree = BUILT_PRODUCTS_DIR; };
		61ACCFCE216DE0180069931A /* AppDelegate.swift */ = {isa = PBXFileReference; lastKnownFileType = sourcecode.swift; path = AppDelegate.swift; sourceTree = "<group>"; };
		61ACCFD0216DE0180069931A /* ViewController.swift */ = {isa = PBXFileReference; lastKnownFileType = sourcecode.swift; path = ViewController.swift; sourceTree = "<group>"; };
		61ACCFD3216DE0180069931A /* Base */ = {isa = PBXFileReference; lastKnownFileType = file.storyboard; name = Base; path = Base.lproj/Main.storyboard; sourceTree = "<group>"; };
		61ACCFD5216DE0180069931A /* Assets.xcassets */ = {isa = PBXFileReference; lastKnownFileType = folder.assetcatalog; path = Assets.xcassets; sourceTree = "<group>"; };
		61ACCFD8216DE0180069931A /* Base */ = {isa = PBXFileReference; lastKnownFileType = file.storyboard; name = Base; path = Base.lproj/LaunchScreen.storyboard; sourceTree = "<group>"; };
		61ACCFDA216DE0180069931A /* Info.plist */ = {isa = PBXFileReference; lastKnownFileType = text.plist.xml; path = Info.plist; sourceTree = "<group>"; };
		61ACCFE6216DE7B90069931A /* Figure.swift */ = {isa = PBXFileReference; lastKnownFileType = sourcecode.swift; path = Figure.swift; sourceTree = "<group>"; };
		61ACCFE8216DEFBA0069931A /* DynamicsProtocol.swift */ = {isa = PBXFileReference; lastKnownFileType = sourcecode.swift; path = DynamicsProtocol.swift; sourceTree = "<group>"; };
/* End PBXFileReference section */

/* Begin PBXFrameworksBuildPhase section */
		61ACCFC8216DE0180069931A /* Frameworks */ = {
			isa = PBXFrameworksBuildPhase;
			buildActionMask = 2147483647;
			files = (
			);
			runOnlyForDeploymentPostprocessing = 0;
		};
/* End PBXFrameworksBuildPhase section */

/* Begin PBXGroup section */
		61ACCFC2216DE0180069931A = {
			isa = PBXGroup;
			children = (
				61ACCFCD216DE0180069931A /* d06 */,
				61ACCFCC216DE0180069931A /* Products */,
			);
			sourceTree = "<group>";
		};
		61ACCFCC216DE0180069931A /* Products */ = {
			isa = PBXGroup;
			children = (
				61ACCFCB216DE0180069931A /* d06.app */,
			);
			name = Products;
			sourceTree = "<group>";
		};
		61ACCFCD216DE0180069931A /* d06 */ = {
			isa = PBXGroup;
			children = (
				61ACCFE6216DE7B90069931A /* Figure.swift */,
				61ACCFE8216DEFBA0069931A /* DynamicsProtocol.swift */,
				61ACCFCE216DE0180069931A /* AppDelegate.swift */,
				61ACCFD0216DE0180069931A /* ViewController.swift */,
				61ACCFD2216DE0180069931A /* Main.storyboard */,
				61ACCFD5216DE0180069931A /* Assets.xcassets */,
				61ACCFD7216DE0180069931A /* LaunchScreen.storyboard */,
				61ACCFDA216DE0180069931A /* Info.plist */,
			);
			path = d06;
			sourceTree = "<group>";
		};
/* End PBXGroup section */

/* Begin PBXNativeTarget section */
		61ACCFCA216DE0180069931A /* d06 */ = {
			isa = PBXNativeTarget;
			buildConfigurationList = 61ACCFDD216DE0180069931A /* Build configuration list for PBXNativeTarget "d06" */;
			buildPhases = (
				61ACCFC7216DE0180069931A /* Sources */,
				61ACCFC8216DE0180069931A /* Frameworks */,
				61ACCFC9216DE0180069931A /* Resources */,
			);
			buildRules = (
			);
			dependencies = (
			);
			name = d06;
			productName = d06;
			productReference = 61ACCFCB216DE0180069931A /* d06.app */;
			productType = "com.apple.product-type.application";
		};
/* End PBXNativeTarget section */

/* Begin PBXProject section */
		61ACCFC3216DE0180069931A /* Project object */ = {
			isa = PBXProject;
			attributes = {
				LastSwiftUpdateCheck = 0920;
				LastUpgradeCheck = 0920;
				ORGANIZATIONNAME = "Ruslan NAUMENKO";
				TargetAttributes = {
					61ACCFCA216DE0180069931A = {
						CreatedOnToolsVersion = 9.2;
						ProvisioningStyle = Automatic;
					};
				};
			};
			buildConfigurationList = 61ACCFC6216DE0180069931A /* Build configuration list for PBXProject "d06" */;
			compatibilityVersion = "Xcode 8.0";
			developmentRegion = en;
			hasScannedForEncodings = 0;
			knownRegions = (
				en,
				Base,
			);
			mainGroup = 61ACCFC2216DE0180069931A;
			productRefGroup = 61ACCFCC216DE0180069931A /* Products */;
			projectDirPath = "";
			projectRoot = "";
			targets = (
				61ACCFCA216DE0180069931A /* d06 */,
			);
		};
/* End PBXProject section */

/* Begin PBXResourcesBuildPhase section */
		61ACCFC9216DE0180069931A /* Resources */ = {
			isa = PBXResourcesBuildPhase;
			buildActionMask = 2147483647;
			files = (
				61ACCFD9216DE0180069931A /* LaunchScreen.storyboard in Resources */,
				61ACCFD6216DE0180069931A /* Assets.xcassets in Resources */,
				61ACCFD4216DE0180069931A /* Main.storyboard in Resources */,
			);
			runOnlyForDeploymentPostprocessing = 0;
		};
/* End PBXResourcesBuildPhase section */

/* Begin PBXSourcesBuildPhase section */
		61ACCFC7216DE0180069931A /* Sources */ = {
			isa = PBXSourcesBuildPhase;
			buildActionMask = 2147483647;
			files = (
				61ACCFD1216DE0180069931A /* ViewController.swift in Sources */,
				61ACCFCF216DE0180069931A /* AppDelegate.swift in Sources */,
				61ACCFE7216DE7B90069931A /* Figure.swift in Sources */,
				61ACCFE9216DEFBA0069931A /* DynamicsProtocol.swift in Sources */,
			);
			runOnlyForDeploymentPostprocessing = 0;
		};
/* End PBXSourcesBuildPhase section */

/* Begin PBXVariantGroup section */
		61ACCFD2216DE0180069931A /* Main.storyboard */ = {
			isa = PBXVariantGroup;
			children = (
				61ACCFD3216DE0180069931A /* Base */,
			);
			name = Main.storyboard;
			sourceTree = "<group>";
		};
		61ACCFD7216DE0180069931A /* LaunchScreen.storyboard */ = {
			isa = PBXVariantGroup;
			children = (
				61ACCFD8216DE0180069931A /* Base */,
			);
			name = LaunchScreen.storyboard;
			sourceTree = "<group>";
		};
/* End PBXVariantGroup section */

/* Begin XCBuildConfiguration section */
		61ACCFDB216DE0180069931A /* Debug */ = {
			isa = XCBuildConfiguration;
			buildSettings = {
				ALWAYS_SEARCH_USER_PATHS = NO;
				CLANG_ANALYZER_NONNULL = YES;
				CLANG_ANALYZER_NUMBER_OBJECT_CONVERSION = YES_AGGRESSIVE;
				CLANG_CXX_LANGUAGE_STANDARD = "gnu++14";
				CLANG_CXX_LIBRARY = "libc++";
				CLANG_ENABLE_MODULES = YES;
				CLANG_ENABLE_OBJC_ARC = YES;
				CLANG_WARN_BLOCK_CAPTURE_AUTORELEASING = YES;
				CLANG_WARN_BOOL_CONVERSION = YES;
				CLANG_WARN_COMMA = YES;
				CLANG_WARN_CONSTANT_CONVERSION = YES;
				CLANG_WARN_DIRECT_OBJC_ISA_USAGE = YES_ERROR;
				CLANG_WARN_DOCUMENTATION_COMMENTS = YES;
				CLANG_WARN_EMPTY_BODY = YES;
				CLANG_WARN_ENUM_CONVERSION = YES;
				CLANG_WARN_INFINITE_RECURSION = YES;
				CLANG_WARN_INT_CONVERSION = YES;
				CLANG_WARN_NON_LITERAL_NULL_CONVERSION = YES;
				CLANG_WARN_OBJC_LITERAL_CONVERSION = YES;
				CLANG_WARN_OBJC_ROOT_CLASS = YES_ERROR;
				CLANG_WARN_RANGE_LOOP_ANALYSIS = YES;
				CLANG_WARN_STRICT_PROTOTYPES = YES;
				CLANG_WARN_SUSPICIOUS_MOVE = YES;
				CLANG_WARN_UNGUARDED_AVAILABILITY = YES_AGGRESSIVE;
				CLANG_WARN_UNREACHABLE_CODE = YES;
				CLANG_WARN__DUPLICATE_METHOD_MATCH = YES;
				CODE_SIGN_IDENTITY = "iPhone Developer";
				COPY_PHASE_STRIP = NO;
				DEBUG_INFORMATION_FORMAT = dwarf;
				ENABLE_STRICT_OBJC_MSGSEND = YES;
				ENABLE_TESTABILITY = YES;
				GCC_C_LANGUAGE_STANDARD = gnu11;
				GCC_DYNAMIC_NO_PIC = NO;
				GCC_NO_COMMON_BLOCKS = YES;
				GCC_OPTIMIZATION_LEVEL = 0;
				GCC_PREPROCESSOR_DEFINITIONS = (
					"DEBUG=1",
					"$(inherited)",
				);
				GCC_WARN_64_TO_32_BIT_CONVERSION = YES;
				GCC_WARN_ABOUT_RETURN_TYPE = YES_ERROR;
				GCC_WARN_UNDECLARED_SELECTOR = YES;
				GCC_WARN_UNINITIALIZED_AUTOS = YES_AGGRESSIVE;
				GCC_WARN_UNUSED_FUNCTION = YES;
				GCC_WARN_UNUSED_VARIABLE = YES;
				IPHONEOS_DEPLOYMENT_TARGET = 11.2;
				MTL_ENABLE_DEBUG_INFO = YES;
				ONLY_ACTIVE_ARCH = YES;
				SDKROOT = iphoneos;
				SWIFT_ACTIVE_COMPILATION_CONDITIONS = DEBUG;
				SWIFT_OPTIMIZATION_LEVEL = "-Onone";
			};
			name = Debug;
		};
		61ACCFDC216DE0180069931A /* Release */ = {
			isa = XCBuildConfiguration;
			buildSettings = {
				ALWAYS_SEARCH_USER_PATHS = NO;
				CLANG_ANALYZER_NONNULL = YES;
				CLANG_ANALYZER_NUMBER_OBJECT_CONVERSION = YES_AGGRESSIVE;
				CLANG_CXX_LANGUAGE_STANDARD = "gnu++14";
				CLANG_CXX_LIBRARY = "libc++";
				CLANG_ENABLE_MODULES = YES;
				CLANG_ENABLE_OBJC_ARC = YES;
				CLANG_WARN_BLOCK_CAPTURE_AUTORELEASING = YES;
				CLANG_WARN_BOOL_CONVERSION = YES;
				CLANG_WARN_COMMA = YES;
				CLANG_WARN_CONSTANT_CONVERSION = YES;
				CLANG_WARN_DIRECT_OBJC_ISA_USAGE = YES_ERROR;
				CLANG_WARN_DOCUMENTATION_COMMENTS = YES;
				CLANG_WARN_EMPTY_BODY = YES;
				CLANG_WARN_ENUM_CONVERSION = YES;
				CLANG_WARN_INFINITE_RECURSION = YES;
				CLANG_WARN_INT_CONVERSION = YES;
				CLANG_WARN_NON_LITERAL_NULL_CONVERSION = YES;
				CLANG_WARN_OBJC_LITERAL_CONVERSION = YES;
				CLANG_WARN_OBJC_ROOT_CLASS = YES_ERROR;
				CLANG_WARN_RANGE_LOOP_ANALYSIS = YES;
				CLANG_WARN_STRICT_PROTOTYPES = YES;
				CLANG_WARN_SUSPICIOUS_MOVE = YES;
				CLANG_WARN_UNGUARDED_AVAILABILITY = YES_AGGRESSIVE;
				CLANG_WARN_UNREACHABLE_CODE = YES;
				CLANG_WARN__DUPLICATE_METHOD_MATCH = YES;
				CODE_SIGN_IDENTITY = "iPhone Developer";
				COPY_PHASE_STRIP = NO;
				DEBUG_INFORMATION_FORMAT = "dwarf-with-dsym";
				ENABLE_NS_ASSERTIONS = NO;
				ENABLE_STRICT_OBJC_MSGSEND = YES;
				GCC_C_LANGUAGE_STANDARD = gnu11;
				GCC_NO_COMMON_BLOCKS = YES;
				GCC_WARN_64_TO_32_BIT_CONVERSION = YES;
				GCC_WARN_ABOUT_RETURN_TYPE = YES_ERROR;
				GCC_WARN_UNDECLARED_SELECTOR = YES;
				GCC_WARN_UNINITIALIZED_AUTOS = YES_AGGRESSIVE;
				GCC_WARN_UNUSED_FUNCTION = YES;
				GCC_WARN_UNUSED_VARIABLE = YES;
				IPHONEOS_DEPLOYMENT_TARGET = 11.2;
				MTL_ENABLE_DEBUG_INFO = NO;
				SDKROOT = iphoneos;
				SWIFT_OPTIMIZATION_LEVEL = "-Owholemodule";
				VALIDATE_PRODUCT = YES;
			};
			name = Release;
		};
		61ACCFDE216DE0180069931A /* Debug */ = {
			isa = XCBuildConfiguration;
			buildSettings = {
				ASSETCATALOG_COMPILER_APPICON_NAME = AppIcon;
				CODE_SIGN_STYLE = Automatic;
				INFOPLIST_FILE = d06/Info.plist;
				LD_RUNPATH_SEARCH_PATHS = "$(inherited) @executable_path/Frameworks";
				PRODUCT_BUNDLE_IDENTIFIER = rnaumenk.d06;
				PRODUCT_NAME = "$(TARGET_NAME)";
				SWIFT_VERSION = 4.0;
				TARGETED_DEVICE_FAMILY = "1,2";
			};
			name = Debug;
		};
		61ACCFDF216DE0180069931A /* Release */ = {
			isa = XCBuildConfiguration;
			buildSettings = {
				ASSETCATALOG_COMPILER_APPICON_NAME = AppIcon;
				CODE_SIGN_STYLE = Automatic;
				INFOPLIST_FILE = d06/Info.plist;
				LD_RUNPATH_SEARCH_PATHS = "$(inherited) @executable_path/Frameworks";
				PRODUCT_BUNDLE_IDENTIFIER = rnaumenk.d06;
				PRODUCT_NAME = "$(TARGET_NAME)";
				SWIFT_VERSION = 4.0;
				TARGETED_DEVICE_FAMILY = "1,2";
			};
			name = Release;
		};
/* End XCBuildConfiguration section */

/* Begin XCConfigurationList section */
		61ACCFC6216DE0180069931A /* Build configuration list for PBXProject "d06" */ = {
			isa = XCConfigurationList;
			buildConfigurations = (
				61ACCFDB216DE0180069931A /* Debug */,
				61ACCFDC216DE0180069931A /* Release */,
			);
			defaultConfigurationIsVisible = 0;
			defaultConfigurationName = Release;
		};
		61ACCFDD216DE0180069931A /* Build configuration list for PBXNativeTarget "d06" */ = {
			isa = XCConfigurationList;
			buildConfigurations = (
				61ACCFDE216DE0180069931A /* Debug */,
				61ACCFDF216DE0180069931A /* Release */,
			);
			defaultConfigurationIsVisible = 0;
			defaultConfigurationName = Release;
		};
/* End XCConfigurationList section */
	};
	rootObject = 61ACCFC3216DE0180069931A /* Project object */;
}
